// !$*UTF8*$!
{
	archiveVersion = 1;
	classes = {
	};
	objectVersion = 56;
	objects = {

/* Begin PBXBuildFile section */
		04FB0F8F61474FF98698EF93 /* Models in Frameworks */ = {isa = PBXBuildFile; productRef = 6892BA4AADF70F3CFD497C76 /* Models */; };
		17D0DEFBEAF55FC7ABE3C4A0 /* AuthFeature in Frameworks */ = {isa = PBXBuildFile; productRef = D86F24356C6B17D4C1A89EA0 /* AuthFeature */; };
		2864DA3A269D4C8A155CBA8E /* Networking in Frameworks */ = {isa = PBXBuildFile; productRef = 184E21F9F9B9787221FB055E /* Networking */; };
		39E161D6589E0A8B0AF9E4FE /* ExampleFeature in Frameworks */ = {isa = PBXBuildFile; productRef = E055D511327BBEB90CE47A40 /* ExampleFeature */; };
		4FAB68F2D1C857AA3832F5E2 /* ForceUpdateFeature in Frameworks */ = {isa = PBXBuildFile; productRef = 143A034DC0129E03F6B36FC3 /* ForceUpdateFeature */; };
		60A144290033299A1CF170E5 /* Assets.xcassets in Resources */ = {isa = PBXBuildFile; fileRef = F2F277CF8D9D4E9DD17C6871 /* Assets.xcassets */; };
		60EC84972AB9A9F3008603A5 /* UIView+Anchors.swift in Sources */ = {isa = PBXBuildFile; fileRef = 60EC84902AB9A9F2008603A5 /* UIView+Anchors.swift */; };
		60EC84982AB9A9F3008603A5 /* Extensions.swift in Sources */ = {isa = PBXBuildFile; fileRef = 60EC84912AB9A9F2008603A5 /* Extensions.swift */; };
		60EC84992AB9A9F3008603A5 /* DataEncoder.swift in Sources */ = {isa = PBXBuildFile; fileRef = 60EC84922AB9A9F2008603A5 /* DataEncoder.swift */; };
		60EC849A2AB9A9F3008603A5 /* Constants.swift in Sources */ = {isa = PBXBuildFile; fileRef = 60EC84932AB9A9F2008603A5 /* Constants.swift */; };
		60EC849B2AB9A9F3008603A5 /* PullUpController.swift in Sources */ = {isa = PBXBuildFile; fileRef = 60EC84942AB9A9F2008603A5 /* PullUpController.swift */; };
		60EC84A02AB9AA4C008603A5 /* Place.swift in Sources */ = {isa = PBXBuildFile; fileRef = 60EC849D2AB9AA4B008603A5 /* Place.swift */; };
		60EC84A12AB9AA4C008603A5 /* DataTypes.swift in Sources */ = {isa = PBXBuildFile; fileRef = 60EC849E2AB9AA4B008603A5 /* DataTypes.swift */; };
		60EC84A22AB9AA4C008603A5 /* Route.swift in Sources */ = {isa = PBXBuildFile; fileRef = 60EC849F2AB9AA4C008603A5 /* Route.swift */; };
		60EC84A72AB9AA52008603A5 /* TableSectionHeader.swift in Sources */ = {isa = PBXBuildFile; fileRef = 60EC84A32AB9AA51008603A5 /* TableSectionHeader.swift */; };
		60EC84A82AB9AA52008603A5 /* SearchResultCell.swift in Sources */ = {isa = PBXBuildFile; fileRef = 60EC84A42AB9AA51008603A5 /* SearchResultCell.swift */; };
		60EC84A92AB9AA52008603A5 /* SettingsCell.swift in Sources */ = {isa = PBXBuildFile; fileRef = 60EC84A52AB9AA52008603A5 /* SettingsCell.swift */; };
		60EC84AA2AB9AA52008603A5 /* PlaceRouteCell.swift in Sources */ = {isa = PBXBuildFile; fileRef = 60EC84A62AB9AA52008603A5 /* PlaceRouteCell.swift */; };
		60EC84AD2AB9C39F008603A5 /* Bluejay in Frameworks */ = {isa = PBXBuildFile; productRef = 60EC84AC2AB9C39F008603A5 /* Bluejay */; };
		60EC84B02AB9C414008603A5 /* MapboxCoreNavigation in Frameworks */ = {isa = PBXBuildFile; productRef = 60EC84AF2AB9C414008603A5 /* MapboxCoreNavigation */; };
		60EC84B22AB9C414008603A5 /* MapboxNavigation in Frameworks */ = {isa = PBXBuildFile; productRef = 60EC84B12AB9C414008603A5 /* MapboxNavigation */; };
		60EC84B52AB9C4E1008603A5 /* MapboxSearch in Frameworks */ = {isa = PBXBuildFile; productRef = 60EC84B42AB9C4E1008603A5 /* MapboxSearch */; };
		60EC84B82AB9C517008603A5 /* MapboxGeocoder in Frameworks */ = {isa = PBXBuildFile; productRef = 60EC84B72AB9C517008603A5 /* MapboxGeocoder */; };
		60EC84BB2AB9C54E008603A5 /* Toast in Frameworks */ = {isa = PBXBuildFile; productRef = 60EC84BA2AB9C54E008603A5 /* Toast */; };
		60EC84BD2AB9C568008603A5 /* MainTabBarController.swift in Sources */ = {isa = PBXBuildFile; fileRef = 60EC84BC2AB9C568008603A5 /* MainTabBarController.swift */; };
		60EC84C22AB9C57D008603A5 /* MeasurementSystemController.swift in Sources */ = {isa = PBXBuildFile; fileRef = 60EC84BF2AB9C57D008603A5 /* MeasurementSystemController.swift */; };
		60EC84C32AB9C57D008603A5 /* RouteTypeController.swift in Sources */ = {isa = PBXBuildFile; fileRef = 60EC84C02AB9C57D008603A5 /* RouteTypeController.swift */; };
		60EC84C42AB9C57D008603A5 /* SettingsController.swift in Sources */ = {isa = PBXBuildFile; fileRef = 60EC84C12AB9C57D008603A5 /* SettingsController.swift */; };
		60EC84C72AB9C690008603A5 /* ALRadioButtons in Frameworks */ = {isa = PBXBuildFile; productRef = 60EC84C62AB9C690008603A5 /* ALRadioButtons */; };
		60EC84C92AB9CABC008603A5 /* BLEController.swift in Sources */ = {isa = PBXBuildFile; fileRef = 60EC84C82AB9CABC008603A5 /* BLEController.swift */; };
		60EC84D22AB9CAF7008603A5 /* HUDController+BLE.swift in Sources */ = {isa = PBXBuildFile; fileRef = 60EC84CB2AB9CAF6008603A5 /* HUDController+BLE.swift */; };
		60EC84D32AB9CAF7008603A5 /* SearchPointViewController.swift in Sources */ = {isa = PBXBuildFile; fileRef = 60EC84CC2AB9CAF6008603A5 /* SearchPointViewController.swift */; };
		60EC84D42AB9CAF7008603A5 /* SearchViewController.swift in Sources */ = {isa = PBXBuildFile; fileRef = 60EC84CD2AB9CAF6008603A5 /* SearchViewController.swift */; };
		60EC84D52AB9CAF7008603A5 /* HomeController.swift in Sources */ = {isa = PBXBuildFile; fileRef = 60EC84CE2AB9CAF7008603A5 /* HomeController.swift */; };
		60EC84D62AB9CAF7008603A5 /* HUDController.swift in Sources */ = {isa = PBXBuildFile; fileRef = 60EC84CF2AB9CAF7008603A5 /* HUDController.swift */; };
		60EC84D72AB9CAF7008603A5 /* RideController.swift in Sources */ = {isa = PBXBuildFile; fileRef = 60EC84D02AB9CAF7008603A5 /* RideController.swift */; };
		60EC84D82AB9CAF7008603A5 /* AddPlaceController.swift in Sources */ = {isa = PBXBuildFile; fileRef = 60EC84D12AB9CAF7008603A5 /* AddPlaceController.swift */; };
		616864CFBC63565C2144FDFE /* Assets in Frameworks */ = {isa = PBXBuildFile; productRef = 5C4687C66DB9272E8036765C /* Assets */; };
		6734514935329985B2B1BBA3 /* AppCoordinator.swift in Sources */ = {isa = PBXBuildFile; fileRef = C04318D92B9D115E4C3965A5 /* AppCoordinator.swift */; };
		6D28C0DC8269F152C706AF81 /* Utilities in Frameworks */ = {isa = PBXBuildFile; productRef = A502062DA201121DE637C2B4 /* Utilities */; };
		6EC90CCA07B3FE5CB99D9CC7 /* AppDelegate.swift in Sources */ = {isa = PBXBuildFile; fileRef = A903D744E90E3BE22C8ABD22 /* AppDelegate.swift */; };
		977FFA461FE1A874B7AFE653 /* MainFeature in Frameworks */ = {isa = PBXBuildFile; productRef = 63A10F26321F2F61CE468494 /* MainFeature */; };
		B213726803FF741AA7C9F55B /* Settings.bundle in Resources */ = {isa = PBXBuildFile; fileRef = 56288F6956EBF174518D17D9 /* Settings.bundle */; };
		E5C59ECA28DE851808E2A5D0 /* SceneDelegate.swift in Sources */ = {isa = PBXBuildFile; fileRef = CF1C5F9BC02C5CAE5D00F71D /* SceneDelegate.swift */; };
		EF5498ABFE251896790FCC50 /* CommonUI in Frameworks */ = {isa = PBXBuildFile; productRef = 54E0A3348356F4C252779B2A /* CommonUI */; };
		F97D9388A8678914A88C11B3 /* LaunchScreen.storyboard in Resources */ = {isa = PBXBuildFile; fileRef = 412AF77F31E159425097593D /* LaunchScreen.storyboard */; };
/* End PBXBuildFile section */

/* Begin PBXFileReference section */
		07C06C5DA07E1B3136879DDF /* Core */ = {isa = PBXFileReference; lastKnownFileType = folder; name = Core; path = Modules/Core; sourceTree = SOURCE_ROOT; };
		14A2E34185D2C98863CC9531 /* Staging.xcconfig */ = {isa = PBXFileReference; lastKnownFileType = text.xcconfig; path = Staging.xcconfig; sourceTree = "<group>"; };
		36324A92C964F6B735470A39 /* Nabla.app */ = {isa = PBXFileReference; explicitFileType = wrapper.application; includeInIndex = 0; path = Nabla.app; sourceTree = BUILT_PRODUCTS_DIR; };
		3F18F9692DFD81CD138E1DC6 /* Features */ = {isa = PBXFileReference; lastKnownFileType = folder; name = Features; path = Modules/Features; sourceTree = SOURCE_ROOT; };
		547287B99718AD2229B8F982 /* Dev.xcconfig */ = {isa = PBXFileReference; lastKnownFileType = text.xcconfig; path = Dev.xcconfig; sourceTree = "<group>"; };
		56288F6956EBF174518D17D9 /* Settings.bundle */ = {isa = PBXFileReference; lastKnownFileType = wrapper.cfbundle; path = Settings.bundle; sourceTree = "<group>"; };
		60EC84902AB9A9F2008603A5 /* UIView+Anchors.swift */ = {isa = PBXFileReference; fileEncoding = 4; lastKnownFileType = sourcecode.swift; path = "UIView+Anchors.swift"; sourceTree = "<group>"; };
		60EC84912AB9A9F2008603A5 /* Extensions.swift */ = {isa = PBXFileReference; fileEncoding = 4; lastKnownFileType = sourcecode.swift; path = Extensions.swift; sourceTree = "<group>"; };
		60EC84922AB9A9F2008603A5 /* DataEncoder.swift */ = {isa = PBXFileReference; fileEncoding = 4; lastKnownFileType = sourcecode.swift; path = DataEncoder.swift; sourceTree = "<group>"; };
		60EC84932AB9A9F2008603A5 /* Constants.swift */ = {isa = PBXFileReference; fileEncoding = 4; lastKnownFileType = sourcecode.swift; path = Constants.swift; sourceTree = "<group>"; };
		60EC84942AB9A9F2008603A5 /* PullUpController.swift */ = {isa = PBXFileReference; fileEncoding = 4; lastKnownFileType = sourcecode.swift; path = PullUpController.swift; sourceTree = "<group>"; };
		60EC849D2AB9AA4B008603A5 /* Place.swift */ = {isa = PBXFileReference; fileEncoding = 4; lastKnownFileType = sourcecode.swift; path = Place.swift; sourceTree = "<group>"; };
		60EC849E2AB9AA4B008603A5 /* DataTypes.swift */ = {isa = PBXFileReference; fileEncoding = 4; lastKnownFileType = sourcecode.swift; path = DataTypes.swift; sourceTree = "<group>"; };
		60EC849F2AB9AA4C008603A5 /* Route.swift */ = {isa = PBXFileReference; fileEncoding = 4; lastKnownFileType = sourcecode.swift; path = Route.swift; sourceTree = "<group>"; };
		60EC84A32AB9AA51008603A5 /* TableSectionHeader.swift */ = {isa = PBXFileReference; fileEncoding = 4; lastKnownFileType = sourcecode.swift; path = TableSectionHeader.swift; sourceTree = "<group>"; };
		60EC84A42AB9AA51008603A5 /* SearchResultCell.swift */ = {isa = PBXFileReference; fileEncoding = 4; lastKnownFileType = sourcecode.swift; path = SearchResultCell.swift; sourceTree = "<group>"; };
		60EC84A52AB9AA52008603A5 /* SettingsCell.swift */ = {isa = PBXFileReference; fileEncoding = 4; lastKnownFileType = sourcecode.swift; path = SettingsCell.swift; sourceTree = "<group>"; };
		60EC84A62AB9AA52008603A5 /* PlaceRouteCell.swift */ = {isa = PBXFileReference; fileEncoding = 4; lastKnownFileType = sourcecode.swift; path = PlaceRouteCell.swift; sourceTree = "<group>"; };
		60EC84BC2AB9C568008603A5 /* MainTabBarController.swift */ = {isa = PBXFileReference; fileEncoding = 4; lastKnownFileType = sourcecode.swift; path = MainTabBarController.swift; sourceTree = "<group>"; };
		60EC84BF2AB9C57D008603A5 /* MeasurementSystemController.swift */ = {isa = PBXFileReference; fileEncoding = 4; lastKnownFileType = sourcecode.swift; path = MeasurementSystemController.swift; sourceTree = "<group>"; };
		60EC84C02AB9C57D008603A5 /* RouteTypeController.swift */ = {isa = PBXFileReference; fileEncoding = 4; lastKnownFileType = sourcecode.swift; path = RouteTypeController.swift; sourceTree = "<group>"; };
		60EC84C12AB9C57D008603A5 /* SettingsController.swift */ = {isa = PBXFileReference; fileEncoding = 4; lastKnownFileType = sourcecode.swift; path = SettingsController.swift; sourceTree = "<group>"; };
		60EC84C82AB9CABC008603A5 /* BLEController.swift */ = {isa = PBXFileReference; fileEncoding = 4; lastKnownFileType = sourcecode.swift; path = BLEController.swift; sourceTree = "<group>"; };
		60EC84CB2AB9CAF6008603A5 /* HUDController+BLE.swift */ = {isa = PBXFileReference; fileEncoding = 4; lastKnownFileType = sourcecode.swift; path = "HUDController+BLE.swift"; sourceTree = "<group>"; };
		60EC84CC2AB9CAF6008603A5 /* SearchPointViewController.swift */ = {isa = PBXFileReference; fileEncoding = 4; lastKnownFileType = sourcecode.swift; path = SearchPointViewController.swift; sourceTree = "<group>"; };
		60EC84CD2AB9CAF6008603A5 /* SearchViewController.swift */ = {isa = PBXFileReference; fileEncoding = 4; lastKnownFileType = sourcecode.swift; path = SearchViewController.swift; sourceTree = "<group>"; };
		60EC84CE2AB9CAF7008603A5 /* HomeController.swift */ = {isa = PBXFileReference; fileEncoding = 4; lastKnownFileType = sourcecode.swift; path = HomeController.swift; sourceTree = "<group>"; };
		60EC84CF2AB9CAF7008603A5 /* HUDController.swift */ = {isa = PBXFileReference; fileEncoding = 4; lastKnownFileType = sourcecode.swift; path = HUDController.swift; sourceTree = "<group>"; };
		60EC84D02AB9CAF7008603A5 /* RideController.swift */ = {isa = PBXFileReference; fileEncoding = 4; lastKnownFileType = sourcecode.swift; path = RideController.swift; sourceTree = "<group>"; };
		60EC84D12AB9CAF7008603A5 /* AddPlaceController.swift */ = {isa = PBXFileReference; fileEncoding = 4; lastKnownFileType = sourcecode.swift; path = AddPlaceController.swift; sourceTree = "<group>"; };
		9FA08624A253DF7656CEADCC /* Info.plist */ = {isa = PBXFileReference; lastKnownFileType = text.plist; path = Info.plist; sourceTree = "<group>"; };
		A903D744E90E3BE22C8ABD22 /* AppDelegate.swift */ = {isa = PBXFileReference; lastKnownFileType = sourcecode.swift; path = AppDelegate.swift; sourceTree = "<group>"; };
		C04318D92B9D115E4C3965A5 /* AppCoordinator.swift */ = {isa = PBXFileReference; lastKnownFileType = sourcecode.swift; path = AppCoordinator.swift; sourceTree = "<group>"; };
		CD337C2137D2286D49B9560F /* Base */ = {isa = PBXFileReference; lastKnownFileType = file.storyboard; name = Base; path = Base.lproj/LaunchScreen.storyboard; sourceTree = "<group>"; };
		CF1C5F9BC02C5CAE5D00F71D /* SceneDelegate.swift */ = {isa = PBXFileReference; lastKnownFileType = sourcecode.swift; path = SceneDelegate.swift; sourceTree = "<group>"; };
		EE05D01195CE6D8BB96CD204 /* Live.xcconfig */ = {isa = PBXFileReference; lastKnownFileType = text.xcconfig; path = Live.xcconfig; sourceTree = "<group>"; };
		F2F277CF8D9D4E9DD17C6871 /* Assets.xcassets */ = {isa = PBXFileReference; lastKnownFileType = folder.assetcatalog; path = Assets.xcassets; sourceTree = "<group>"; };
		F8E5C185EC8740A98744529F /* README.md */ = {isa = PBXFileReference; lastKnownFileType = net.daringfireball.markdown; path = README.md; sourceTree = "<group>"; };
/* End PBXFileReference section */

/* Begin PBXFrameworksBuildPhase section */
		524906568C08AE935E1D23F1 /* Frameworks */ = {
			isa = PBXFrameworksBuildPhase;
			buildActionMask = 2147483647;
			files = (
				977FFA461FE1A874B7AFE653 /* MainFeature in Frameworks */,
				60EC84AD2AB9C39F008603A5 /* Bluejay in Frameworks */,
				17D0DEFBEAF55FC7ABE3C4A0 /* AuthFeature in Frameworks */,
				60EC84BB2AB9C54E008603A5 /* Toast in Frameworks */,
				39E161D6589E0A8B0AF9E4FE /* ExampleFeature in Frameworks */,
				4FAB68F2D1C857AA3832F5E2 /* ForceUpdateFeature in Frameworks */,
				616864CFBC63565C2144FDFE /* Assets in Frameworks */,
				04FB0F8F61474FF98698EF93 /* Models in Frameworks */,
				60EC84B22AB9C414008603A5 /* MapboxNavigation in Frameworks */,
				60EC84C72AB9C690008603A5 /* ALRadioButtons in Frameworks */,
				60EC84B02AB9C414008603A5 /* MapboxCoreNavigation in Frameworks */,
				60EC84B82AB9C517008603A5 /* MapboxGeocoder in Frameworks */,
				2864DA3A269D4C8A155CBA8E /* Networking in Frameworks */,
				6D28C0DC8269F152C706AF81 /* Utilities in Frameworks */,
				60EC84B52AB9C4E1008603A5 /* MapboxSearch in Frameworks */,
				EF5498ABFE251896790FCC50 /* CommonUI in Frameworks */,
			);
			runOnlyForDeploymentPostprocessing = 0;
		};
/* End PBXFrameworksBuildPhase section */

/* Begin PBXGroup section */
		1A883F3A0513B9F7DE1C5B9F /* SupportingFiles */ = {
			isa = PBXGroup;
			children = (
				9FA08624A253DF7656CEADCC /* Info.plist */,
				412AF77F31E159425097593D /* LaunchScreen.storyboard */,
				56288F6956EBF174518D17D9 /* Settings.bundle */,
				97BFD05356C3E19509FABE61 /* Configurations */,
			);
			path = SupportingFiles;
			sourceTree = "<group>";
		};
		451447CDCDFAAE48583B860E /* Assets */ = {
			isa = PBXGroup;
			children = (
				F2F277CF8D9D4E9DD17C6871 /* Assets.xcassets */,
			);
			path = Assets;
			sourceTree = "<group>";
		};
		60EC84BE2AB9C571008603A5 /* Settings */ = {
			isa = PBXGroup;
			children = (
				60EC84BF2AB9C57D008603A5 /* MeasurementSystemController.swift */,
				60EC84C02AB9C57D008603A5 /* RouteTypeController.swift */,
				60EC84C12AB9C57D008603A5 /* SettingsController.swift */,
			);
			path = Settings;
			sourceTree = "<group>";
		};
		60EC84CA2AB9CADC008603A5 /* Home */ = {
			isa = PBXGroup;
			children = (
				60EC84D12AB9CAF7008603A5 /* AddPlaceController.swift */,
				60EC84CE2AB9CAF7008603A5 /* HomeController.swift */,
				60EC84CF2AB9CAF7008603A5 /* HUDController.swift */,
				60EC84CB2AB9CAF6008603A5 /* HUDController+BLE.swift */,
				60EC84D02AB9CAF7008603A5 /* RideController.swift */,
				60EC84CC2AB9CAF6008603A5 /* SearchPointViewController.swift */,
				60EC84CD2AB9CAF6008603A5 /* SearchViewController.swift */,
			);
			path = Home;
			sourceTree = "<group>";
		};
		616EFC070377919D5D7AECD5 = {
			isa = PBXGroup;
			children = (
				F8E5C185EC8740A98744529F /* README.md */,
				BD86AE4BEC15EA57EB11BFE3 /* Modules */,
				ED75D6ED1CF946ABC519983C /* Nabla */,
				7BDE1623F463098F801BA248 /* Products */,
			);
			sourceTree = "<group>";
		};
		7BDE1623F463098F801BA248 /* Products */ = {
			isa = PBXGroup;
			children = (
				36324A92C964F6B735470A39 /* Nabla.app */,
			);
			name = Products;
			sourceTree = "<group>";
		};
		97BFD05356C3E19509FABE61 /* Configurations */ = {
			isa = PBXGroup;
			children = (
				547287B99718AD2229B8F982 /* Dev.xcconfig */,
				EE05D01195CE6D8BB96CD204 /* Live.xcconfig */,
				14A2E34185D2C98863CC9531 /* Staging.xcconfig */,
			);
			path = Configurations;
			sourceTree = "<group>";
		};
		BD86AE4BEC15EA57EB11BFE3 /* Modules */ = {
			isa = PBXGroup;
			children = (
				07C06C5DA07E1B3136879DDF /* Core */,
				3F18F9692DFD81CD138E1DC6 /* Features */,
			);
			name = Modules;
			sourceTree = SOURCE_ROOT;
		};
		D29B6684F522E42C3DB18626 /* Code */ = {
			isa = PBXGroup;
			children = (
				60EC84CA2AB9CADC008603A5 /* Home */,
				60EC84BE2AB9C571008603A5 /* Settings */,
				60EC84BC2AB9C568008603A5 /* MainTabBarController.swift */,
				60EC84C82AB9CABC008603A5 /* BLEController.swift */,
				60EC84A62AB9AA52008603A5 /* PlaceRouteCell.swift */,
				60EC84A42AB9AA51008603A5 /* SearchResultCell.swift */,
				60EC84A52AB9AA52008603A5 /* SettingsCell.swift */,
				60EC84A32AB9AA51008603A5 /* TableSectionHeader.swift */,
				60EC849E2AB9AA4B008603A5 /* DataTypes.swift */,
				60EC849D2AB9AA4B008603A5 /* Place.swift */,
				60EC849F2AB9AA4C008603A5 /* Route.swift */,
				60EC84932AB9A9F2008603A5 /* Constants.swift */,
				60EC84922AB9A9F2008603A5 /* DataEncoder.swift */,
				60EC84912AB9A9F2008603A5 /* Extensions.swift */,
				60EC84942AB9A9F2008603A5 /* PullUpController.swift */,
				60EC84902AB9A9F2008603A5 /* UIView+Anchors.swift */,
				C04318D92B9D115E4C3965A5 /* AppCoordinator.swift */,
				A903D744E90E3BE22C8ABD22 /* AppDelegate.swift */,
				CF1C5F9BC02C5CAE5D00F71D /* SceneDelegate.swift */,
			);
			path = Code;
			sourceTree = "<group>";
		};
		ED75D6ED1CF946ABC519983C /* Nabla */ = {
			isa = PBXGroup;
			children = (
				451447CDCDFAAE48583B860E /* Assets */,
				D29B6684F522E42C3DB18626 /* Code */,
				1A883F3A0513B9F7DE1C5B9F /* SupportingFiles */,
			);
			path = Nabla;
			sourceTree = "<group>";
		};
/* End PBXGroup section */

/* Begin PBXNativeTarget section */
		4A30E41710DD858E5FDB1D4C /* Nabla */ = {
			isa = PBXNativeTarget;
			buildConfigurationList = A6CD14E1DF82AF1535AF6297 /* Build configuration list for PBXNativeTarget "Nabla" */;
			buildPhases = (
				3A60BFF34663A61947895CA5 /* Sources */,
				42D7A70D148BCA0DBC992610 /* SwiftLint */,
				D36D2D9732FE66B08930E380 /* Generate Licenses */,
				8C970DE85A1AC971A22D79B9 /* Copy GoogleService-Info */,
				CE9825A5D272B84608BE2F87 /* Resources */,
				524906568C08AE935E1D23F1 /* Frameworks */,
			);
			buildRules = (
			);
			dependencies = (
			);
			name = Nabla;
			packageProductDependencies = (
				63A10F26321F2F61CE468494 /* MainFeature */,
				D86F24356C6B17D4C1A89EA0 /* AuthFeature */,
				E055D511327BBEB90CE47A40 /* ExampleFeature */,
				143A034DC0129E03F6B36FC3 /* ForceUpdateFeature */,
				5C4687C66DB9272E8036765C /* Assets */,
				6892BA4AADF70F3CFD497C76 /* Models */,
				184E21F9F9B9787221FB055E /* Networking */,
				A502062DA201121DE637C2B4 /* Utilities */,
				54E0A3348356F4C252779B2A /* CommonUI */,
				60EC84AC2AB9C39F008603A5 /* Bluejay */,
				60EC84AF2AB9C414008603A5 /* MapboxCoreNavigation */,
				60EC84B12AB9C414008603A5 /* MapboxNavigation */,
				60EC84B42AB9C4E1008603A5 /* MapboxSearch */,
				60EC84B72AB9C517008603A5 /* MapboxGeocoder */,
				60EC84BA2AB9C54E008603A5 /* Toast */,
				60EC84C62AB9C690008603A5 /* ALRadioButtons */,
			);
			productName = Nabla;
			productReference = 36324A92C964F6B735470A39 /* Nabla.app */;
			productType = "com.apple.product-type.application";
		};
/* End PBXNativeTarget section */

/* Begin PBXProject section */
		BD1A994BBB38328E6B29C331 /* Project object */ = {
			isa = PBXProject;
			attributes = {
				BuildIndependentTargetsInParallel = YES;
				LastUpgradeCheck = 1430;
				ORGANIZATIONNAME = "canarin team";
			};
			buildConfigurationList = E33DE469D4C3180E02944F3C /* Build configuration list for PBXProject "Nabla" */;
			compatibilityVersion = "Xcode 14.0";
			developmentRegion = en;
			hasScannedForEncodings = 0;
			knownRegions = (
				Base,
				en,
			);
			mainGroup = 616EFC070377919D5D7AECD5;
			packageReferences = (
				60EC84AB2AB9C39F008603A5 /* XCRemoteSwiftPackageReference "bluejay" */,
				60EC84AE2AB9C414008603A5 /* XCRemoteSwiftPackageReference "mapbox-navigation-ios" */,
				60EC84B32AB9C4E1008603A5 /* XCRemoteSwiftPackageReference "mapbox-search-ios" */,
				60EC84B62AB9C517008603A5 /* XCRemoteSwiftPackageReference "MapboxGeocoder.swift" */,
				60EC84B92AB9C54E008603A5 /* XCRemoteSwiftPackageReference "toast-swift" */,
				60EC84C52AB9C690008603A5 /* XCRemoteSwiftPackageReference "ALRadioButtons" */,
			);
			projectDirPath = "";
			projectRoot = "";
			targets = (
				4A30E41710DD858E5FDB1D4C /* Nabla */,
			);
		};
/* End PBXProject section */

/* Begin PBXResourcesBuildPhase section */
		CE9825A5D272B84608BE2F87 /* Resources */ = {
			isa = PBXResourcesBuildPhase;
			buildActionMask = 2147483647;
			files = (
				60A144290033299A1CF170E5 /* Assets.xcassets in Resources */,
				F97D9388A8678914A88C11B3 /* LaunchScreen.storyboard in Resources */,
				B213726803FF741AA7C9F55B /* Settings.bundle in Resources */,
			);
			runOnlyForDeploymentPostprocessing = 0;
		};
/* End PBXResourcesBuildPhase section */

/* Begin PBXShellScriptBuildPhase section */
		42D7A70D148BCA0DBC992610 /* SwiftLint */ = {
			isa = PBXShellScriptBuildPhase;
			alwaysOutOfDate = 1;
			buildActionMask = 2147483647;
			files = (
			);
			inputFileListPaths = (
			);
			inputPaths = (
			);
			name = SwiftLint;
			outputFileListPaths = (
			);
			outputPaths = (
			);
			runOnlyForDeploymentPostprocessing = 0;
			shellPath = /bin/sh;
			shellScript = "export PATH=\"$PATH:/opt/homebrew/bin\"\n\nif which swiftlint >/dev/null; then\n  swiftlint\nelse\n  echo \"warning: SwiftLint not installed, download from https://github.com/realm/SwiftLint\"\nfi\n";
		};
		8C970DE85A1AC971A22D79B9 /* Copy GoogleService-Info */ = {
			isa = PBXShellScriptBuildPhase;
			alwaysOutOfDate = 1;
			buildActionMask = 2147483647;
			files = (
			);
			inputFileListPaths = (
			);
			inputPaths = (
			);
			name = "Copy GoogleService-Info";
			outputFileListPaths = (
			);
			outputPaths = (
			);
			runOnlyForDeploymentPostprocessing = 0;
			shellPath = /bin/sh;
			shellScript = "#case \"${SERVER_ENVIRONMENT}\" in\n#\n#\"dev\" )\n#cp -r \"${PROJECT_DIR}/Nabla/SupportingFiles/GoogleService-Info-Dev.plist\" \"${BUILT_PRODUCTS_DIR}/${PRODUCT_NAME}.app/GoogleService-Info.plist\" ;;\n#\n#\"staging\" )\n#cp -r \"${PROJECT_DIR}/Nabla/SupportingFiles/GoogleService-Info-Staging.plist\" \"${BUILT_PRODUCTS_DIR}/${PRODUCT_NAME}.app/GoogleService-Info.plist\" ;;\n#\n#\"live\" )\n#cp -r \"${PROJECT_DIR}/Nabla/SupportingFiles/GoogleService-Info-Live.plist\" \"${BUILT_PRODUCTS_DIR}/${PRODUCT_NAME}.app/GoogleService-Info.plist\" ;;\n#\n#*)\n#;;\n#esac\n";
		};
		D36D2D9732FE66B08930E380 /* Generate Licenses */ = {
			isa = PBXShellScriptBuildPhase;
			alwaysOutOfDate = 1;
			buildActionMask = 2147483647;
			files = (
			);
			inputFileListPaths = (
			);
			inputPaths = (
			);
			name = "Generate Licenses";
			outputFileListPaths = (
			);
			outputPaths = (
			);
			runOnlyForDeploymentPostprocessing = 0;
			shellPath = /bin/sh;
			shellScript = "export PATH=\"$PATH:/opt/homebrew/bin\"\n\nif which /usr/libexec/PlistBuddy >/dev/null; then\n  version=\"$MARKETING_VERSION\"\n  build=\"$CURRENT_PROJECT_VERSION\"\n  /usr/libexec/PlistBuddy \"$SRCROOT/$PRODUCT_NAME/SupportingFiles/Settings.bundle/Root.plist\" -c \"set PreferenceSpecifiers:2:DefaultValue $version ($build)\"\nelse\necho \"warning: PlistBuddy not found\"\nfi\n\nif which license-plist >/dev/null; then\n  license-plist --output-path $PRODUCT_NAME/SupportingFiles/Settings.bundle --config-path $PRODUCT_NAME/SupportingFiles/license_plist.yml --package-path $PROJECT_FILE_PATH/project.xcworkspace/xcshareddata/swiftpm/Package.swift --suppress-opening-directory\nelse\n  echo \"warning: license-plist not installed, download from https://github.com/mono0926/LicensePlist\"\nfi\n";
		};
/* End PBXShellScriptBuildPhase section */

/* Begin PBXSourcesBuildPhase section */
		3A60BFF34663A61947895CA5 /* Sources */ = {
			isa = PBXSourcesBuildPhase;
			buildActionMask = 2147483647;
			files = (
				60EC84A92AB9AA52008603A5 /* SettingsCell.swift in Sources */,
				60EC849B2AB9A9F3008603A5 /* PullUpController.swift in Sources */,
				60EC84A72AB9AA52008603A5 /* TableSectionHeader.swift in Sources */,
				60EC84982AB9A9F3008603A5 /* Extensions.swift in Sources */,
				60EC84A22AB9AA4C008603A5 /* Route.swift in Sources */,
				60EC84A82AB9AA52008603A5 /* SearchResultCell.swift in Sources */,
				60EC84AA2AB9AA52008603A5 /* PlaceRouteCell.swift in Sources */,
				6734514935329985B2B1BBA3 /* AppCoordinator.swift in Sources */,
				60EC84972AB9A9F3008603A5 /* UIView+Anchors.swift in Sources */,
				60EC84C22AB9C57D008603A5 /* MeasurementSystemController.swift in Sources */,
				6EC90CCA07B3FE5CB99D9CC7 /* AppDelegate.swift in Sources */,
				60EC84C32AB9C57D008603A5 /* RouteTypeController.swift in Sources */,
				60EC84BD2AB9C568008603A5 /* MainTabBarController.swift in Sources */,
				60EC84D42AB9CAF7008603A5 /* SearchViewController.swift in Sources */,
				E5C59ECA28DE851808E2A5D0 /* SceneDelegate.swift in Sources */,
				60EC84D82AB9CAF7008603A5 /* AddPlaceController.swift in Sources */,
				60EC84A02AB9AA4C008603A5 /* Place.swift in Sources */,
				60EC84D32AB9CAF7008603A5 /* SearchPointViewController.swift in Sources */,
				60EC84C42AB9C57D008603A5 /* SettingsController.swift in Sources */,
				60EC84A12AB9AA4C008603A5 /* DataTypes.swift in Sources */,
				60EC84D22AB9CAF7008603A5 /* HUDController+BLE.swift in Sources */,
				60EC84D52AB9CAF7008603A5 /* HomeController.swift in Sources */,
				60EC84D72AB9CAF7008603A5 /* RideController.swift in Sources */,
				60EC84D62AB9CAF7008603A5 /* HUDController.swift in Sources */,
				60EC84C92AB9CABC008603A5 /* BLEController.swift in Sources */,
				60EC84992AB9A9F3008603A5 /* DataEncoder.swift in Sources */,
				60EC849A2AB9A9F3008603A5 /* Constants.swift in Sources */,
			);
			runOnlyForDeploymentPostprocessing = 0;
		};
/* End PBXSourcesBuildPhase section */

/* Begin PBXVariantGroup section */
		412AF77F31E159425097593D /* LaunchScreen.storyboard */ = {
			isa = PBXVariantGroup;
			children = (
				CD337C2137D2286D49B9560F /* Base */,
			);
			name = LaunchScreen.storyboard;
			sourceTree = "<group>";
		};
/* End PBXVariantGroup section */

/* Begin XCBuildConfiguration section */
		1E2927BEF65714587B23A8D9 /* Debug-Staging */ = {
			isa = XCBuildConfiguration;
			buildSettings = {
				ALWAYS_SEARCH_USER_PATHS = NO;
				CLANG_ANALYZER_LOCALIZABILITY_NONLOCALIZED = YES;
				CLANG_ANALYZER_NONNULL = YES;
				CLANG_ANALYZER_NUMBER_OBJECT_CONVERSION = YES_AGGRESSIVE;
				CLANG_CXX_LANGUAGE_STANDARD = "gnu++14";
				CLANG_CXX_LIBRARY = "libc++";
				CLANG_ENABLE_MODULES = YES;
				CLANG_ENABLE_OBJC_ARC = YES;
				CLANG_ENABLE_OBJC_WEAK = YES;
				CLANG_WARN_BLOCK_CAPTURE_AUTORELEASING = YES;
				CLANG_WARN_BOOL_CONVERSION = YES;
				CLANG_WARN_COMMA = YES;
				CLANG_WARN_CONSTANT_CONVERSION = YES;
				CLANG_WARN_DEPRECATED_OBJC_IMPLEMENTATIONS = YES;
				CLANG_WARN_DIRECT_OBJC_ISA_USAGE = YES_ERROR;
				CLANG_WARN_DOCUMENTATION_COMMENTS = YES;
				CLANG_WARN_EMPTY_BODY = YES;
				CLANG_WARN_ENUM_CONVERSION = YES;
				CLANG_WARN_INFINITE_RECURSION = YES;
				CLANG_WARN_INT_CONVERSION = YES;
				CLANG_WARN_NON_LITERAL_NULL_CONVERSION = YES;
				CLANG_WARN_OBJC_IMPLICIT_RETAIN_SELF = YES;
				CLANG_WARN_OBJC_LITERAL_CONVERSION = YES;
				CLANG_WARN_OBJC_ROOT_CLASS = YES_ERROR;
				CLANG_WARN_QUOTED_INCLUDE_IN_FRAMEWORK_HEADER = YES;
				CLANG_WARN_RANGE_LOOP_ANALYSIS = YES;
				CLANG_WARN_STRICT_PROTOTYPES = YES;
				CLANG_WARN_SUSPICIOUS_MOVE = YES;
				CLANG_WARN_UNGUARDED_AVAILABILITY = YES_AGGRESSIVE;
				CLANG_WARN_UNREACHABLE_CODE = YES;
				CLANG_WARN__DUPLICATE_METHOD_MATCH = YES;
				COPY_PHASE_STRIP = NO;
				DEBUG_INFORMATION_FORMAT = dwarf;
				DEVELOPMENT_TEAM = M8F9QH57A6;
				ENABLE_STRICT_OBJC_MSGSEND = YES;
				ENABLE_TESTABILITY = YES;
				GCC_C_LANGUAGE_STANDARD = gnu11;
				GCC_DYNAMIC_NO_PIC = NO;
				GCC_NO_COMMON_BLOCKS = YES;
				GCC_OPTIMIZATION_LEVEL = 0;
				GCC_PREPROCESSOR_DEFINITIONS = (
					"$(inherited)",
					"DEBUG=1",
				);
				GCC_WARN_64_TO_32_BIT_CONVERSION = YES;
				GCC_WARN_ABOUT_RETURN_TYPE = YES_ERROR;
				GCC_WARN_UNDECLARED_SELECTOR = YES;
				GCC_WARN_UNINITIALIZED_AUTOS = YES_AGGRESSIVE;
				GCC_WARN_UNUSED_FUNCTION = YES;
				GCC_WARN_UNUSED_VARIABLE = YES;
				MTL_ENABLE_DEBUG_INFO = INCLUDE_SOURCE;
				MTL_FAST_MATH = YES;
				ONLY_ACTIVE_ARCH = YES;
				PRODUCT_NAME = "$(TARGET_NAME)";
				SDKROOT = iphoneos;
				SWIFT_ACTIVE_COMPILATION_CONDITIONS = DEBUG;
				SWIFT_COMPILATION_MODE = incremental;
				SWIFT_OPTIMIZATION_LEVEL = "-Onone";
				SWIFT_VERSION = 5.0;
			};
			name = "Debug-Staging";
		};
		1EAE3BD8E0C5B24AD71A692F /* Debug-Staging */ = {
			isa = XCBuildConfiguration;
			baseConfigurationReference = 14A2E34185D2C98863CC9531 /* Staging.xcconfig */;
			buildSettings = {
				ASSETCATALOG_COMPILER_APPICON_NAME = AppIcon;
				CODE_SIGN_IDENTITY = "iPhone Developer";
				CURRENT_PROJECT_VERSION = 1;
				DEVELOPMENT_TEAM = 7EC32T954D;
				INFOPLIST_FILE = Nabla/SupportingFiles/Info.plist;
				IPHONEOS_DEPLOYMENT_TARGET = 16.0;
				LD_RUNPATH_SEARCH_PATHS = (
					"$(inherited)",
					"@executable_path/Frameworks",
				);
				MARKETING_VERSION = 1.0.0;
				PRODUCT_NAME = Nabla;
				SDKROOT = iphoneos;
				TARGETED_DEVICE_FAMILY = 1;
			};
			name = "Debug-Staging";
		};
		491375F8E1AFF61FD9C7593E /* Debug-Live */ = {
			isa = XCBuildConfiguration;
			buildSettings = {
				ALWAYS_SEARCH_USER_PATHS = NO;
				CLANG_ANALYZER_LOCALIZABILITY_NONLOCALIZED = YES;
				CLANG_ANALYZER_NONNULL = YES;
				CLANG_ANALYZER_NUMBER_OBJECT_CONVERSION = YES_AGGRESSIVE;
				CLANG_CXX_LANGUAGE_STANDARD = "gnu++14";
				CLANG_CXX_LIBRARY = "libc++";
				CLANG_ENABLE_MODULES = YES;
				CLANG_ENABLE_OBJC_ARC = YES;
				CLANG_ENABLE_OBJC_WEAK = YES;
				CLANG_WARN_BLOCK_CAPTURE_AUTORELEASING = YES;
				CLANG_WARN_BOOL_CONVERSION = YES;
				CLANG_WARN_COMMA = YES;
				CLANG_WARN_CONSTANT_CONVERSION = YES;
				CLANG_WARN_DEPRECATED_OBJC_IMPLEMENTATIONS = YES;
				CLANG_WARN_DIRECT_OBJC_ISA_USAGE = YES_ERROR;
				CLANG_WARN_DOCUMENTATION_COMMENTS = YES;
				CLANG_WARN_EMPTY_BODY = YES;
				CLANG_WARN_ENUM_CONVERSION = YES;
				CLANG_WARN_INFINITE_RECURSION = YES;
				CLANG_WARN_INT_CONVERSION = YES;
				CLANG_WARN_NON_LITERAL_NULL_CONVERSION = YES;
				CLANG_WARN_OBJC_IMPLICIT_RETAIN_SELF = YES;
				CLANG_WARN_OBJC_LITERAL_CONVERSION = YES;
				CLANG_WARN_OBJC_ROOT_CLASS = YES_ERROR;
				CLANG_WARN_QUOTED_INCLUDE_IN_FRAMEWORK_HEADER = YES;
				CLANG_WARN_RANGE_LOOP_ANALYSIS = YES;
				CLANG_WARN_STRICT_PROTOTYPES = YES;
				CLANG_WARN_SUSPICIOUS_MOVE = YES;
				CLANG_WARN_UNGUARDED_AVAILABILITY = YES_AGGRESSIVE;
				CLANG_WARN_UNREACHABLE_CODE = YES;
				CLANG_WARN__DUPLICATE_METHOD_MATCH = YES;
				COPY_PHASE_STRIP = NO;
				DEBUG_INFORMATION_FORMAT = dwarf;
				DEVELOPMENT_TEAM = M8F9QH57A6;
				ENABLE_STRICT_OBJC_MSGSEND = YES;
				ENABLE_TESTABILITY = YES;
				GCC_C_LANGUAGE_STANDARD = gnu11;
				GCC_DYNAMIC_NO_PIC = NO;
				GCC_NO_COMMON_BLOCKS = YES;
				GCC_OPTIMIZATION_LEVEL = 0;
				GCC_PREPROCESSOR_DEFINITIONS = (
					"$(inherited)",
					"DEBUG=1",
				);
				GCC_WARN_64_TO_32_BIT_CONVERSION = YES;
				GCC_WARN_ABOUT_RETURN_TYPE = YES_ERROR;
				GCC_WARN_UNDECLARED_SELECTOR = YES;
				GCC_WARN_UNINITIALIZED_AUTOS = YES_AGGRESSIVE;
				GCC_WARN_UNUSED_FUNCTION = YES;
				GCC_WARN_UNUSED_VARIABLE = YES;
				MTL_ENABLE_DEBUG_INFO = INCLUDE_SOURCE;
				MTL_FAST_MATH = YES;
				ONLY_ACTIVE_ARCH = YES;
				PRODUCT_NAME = "$(TARGET_NAME)";
				SDKROOT = iphoneos;
				SWIFT_ACTIVE_COMPILATION_CONDITIONS = DEBUG;
				SWIFT_COMPILATION_MODE = incremental;
				SWIFT_OPTIMIZATION_LEVEL = "-Onone";
				SWIFT_VERSION = 5.0;
			};
			name = "Debug-Live";
		};
		49F2A9C4CA8A1AD64B876BE4 /* Debug-Dev */ = {
			isa = XCBuildConfiguration;
			buildSettings = {
				ALWAYS_SEARCH_USER_PATHS = NO;
				CLANG_ANALYZER_LOCALIZABILITY_NONLOCALIZED = YES;
				CLANG_ANALYZER_NONNULL = YES;
				CLANG_ANALYZER_NUMBER_OBJECT_CONVERSION = YES_AGGRESSIVE;
				CLANG_CXX_LANGUAGE_STANDARD = "gnu++14";
				CLANG_CXX_LIBRARY = "libc++";
				CLANG_ENABLE_MODULES = YES;
				CLANG_ENABLE_OBJC_ARC = YES;
				CLANG_ENABLE_OBJC_WEAK = YES;
				CLANG_WARN_BLOCK_CAPTURE_AUTORELEASING = YES;
				CLANG_WARN_BOOL_CONVERSION = YES;
				CLANG_WARN_COMMA = YES;
				CLANG_WARN_CONSTANT_CONVERSION = YES;
				CLANG_WARN_DEPRECATED_OBJC_IMPLEMENTATIONS = YES;
				CLANG_WARN_DIRECT_OBJC_ISA_USAGE = YES_ERROR;
				CLANG_WARN_DOCUMENTATION_COMMENTS = YES;
				CLANG_WARN_EMPTY_BODY = YES;
				CLANG_WARN_ENUM_CONVERSION = YES;
				CLANG_WARN_INFINITE_RECURSION = YES;
				CLANG_WARN_INT_CONVERSION = YES;
				CLANG_WARN_NON_LITERAL_NULL_CONVERSION = YES;
				CLANG_WARN_OBJC_IMPLICIT_RETAIN_SELF = YES;
				CLANG_WARN_OBJC_LITERAL_CONVERSION = YES;
				CLANG_WARN_OBJC_ROOT_CLASS = YES_ERROR;
				CLANG_WARN_QUOTED_INCLUDE_IN_FRAMEWORK_HEADER = YES;
				CLANG_WARN_RANGE_LOOP_ANALYSIS = YES;
				CLANG_WARN_STRICT_PROTOTYPES = YES;
				CLANG_WARN_SUSPICIOUS_MOVE = YES;
				CLANG_WARN_UNGUARDED_AVAILABILITY = YES_AGGRESSIVE;
				CLANG_WARN_UNREACHABLE_CODE = YES;
				CLANG_WARN__DUPLICATE_METHOD_MATCH = YES;
				COPY_PHASE_STRIP = NO;
				DEBUG_INFORMATION_FORMAT = dwarf;
				DEVELOPMENT_TEAM = M8F9QH57A6;
				ENABLE_STRICT_OBJC_MSGSEND = YES;
				ENABLE_TESTABILITY = YES;
				GCC_C_LANGUAGE_STANDARD = gnu11;
				GCC_DYNAMIC_NO_PIC = NO;
				GCC_NO_COMMON_BLOCKS = YES;
				GCC_OPTIMIZATION_LEVEL = 0;
				GCC_PREPROCESSOR_DEFINITIONS = (
					"$(inherited)",
					"DEBUG=1",
				);
				GCC_WARN_64_TO_32_BIT_CONVERSION = YES;
				GCC_WARN_ABOUT_RETURN_TYPE = YES_ERROR;
				GCC_WARN_UNDECLARED_SELECTOR = YES;
				GCC_WARN_UNINITIALIZED_AUTOS = YES_AGGRESSIVE;
				GCC_WARN_UNUSED_FUNCTION = YES;
				GCC_WARN_UNUSED_VARIABLE = YES;
				MTL_ENABLE_DEBUG_INFO = INCLUDE_SOURCE;
				MTL_FAST_MATH = YES;
				ONLY_ACTIVE_ARCH = YES;
				PRODUCT_NAME = "$(TARGET_NAME)";
				SDKROOT = iphoneos;
				SWIFT_ACTIVE_COMPILATION_CONDITIONS = DEBUG;
				SWIFT_COMPILATION_MODE = incremental;
				SWIFT_OPTIMIZATION_LEVEL = "-Onone";
				SWIFT_VERSION = 5.0;
			};
			name = "Debug-Dev";
		};
		70C033B2CA7C8B0A591070C0 /* Release-Staging */ = {
			isa = XCBuildConfiguration;
			buildSettings = {
				ALWAYS_SEARCH_USER_PATHS = NO;
				CLANG_ANALYZER_LOCALIZABILITY_NONLOCALIZED = YES;
				CLANG_ANALYZER_NONNULL = YES;
				CLANG_ANALYZER_NUMBER_OBJECT_CONVERSION = YES_AGGRESSIVE;
				CLANG_CXX_LANGUAGE_STANDARD = "gnu++14";
				CLANG_CXX_LIBRARY = "libc++";
				CLANG_ENABLE_MODULES = YES;
				CLANG_ENABLE_OBJC_ARC = YES;
				CLANG_ENABLE_OBJC_WEAK = YES;
				CLANG_WARN_BLOCK_CAPTURE_AUTORELEASING = YES;
				CLANG_WARN_BOOL_CONVERSION = YES;
				CLANG_WARN_COMMA = YES;
				CLANG_WARN_CONSTANT_CONVERSION = YES;
				CLANG_WARN_DEPRECATED_OBJC_IMPLEMENTATIONS = YES;
				CLANG_WARN_DIRECT_OBJC_ISA_USAGE = YES_ERROR;
				CLANG_WARN_DOCUMENTATION_COMMENTS = YES;
				CLANG_WARN_EMPTY_BODY = YES;
				CLANG_WARN_ENUM_CONVERSION = YES;
				CLANG_WARN_INFINITE_RECURSION = YES;
				CLANG_WARN_INT_CONVERSION = YES;
				CLANG_WARN_NON_LITERAL_NULL_CONVERSION = YES;
				CLANG_WARN_OBJC_IMPLICIT_RETAIN_SELF = YES;
				CLANG_WARN_OBJC_LITERAL_CONVERSION = YES;
				CLANG_WARN_OBJC_ROOT_CLASS = YES_ERROR;
				CLANG_WARN_QUOTED_INCLUDE_IN_FRAMEWORK_HEADER = YES;
				CLANG_WARN_RANGE_LOOP_ANALYSIS = YES;
				CLANG_WARN_STRICT_PROTOTYPES = YES;
				CLANG_WARN_SUSPICIOUS_MOVE = YES;
				CLANG_WARN_UNGUARDED_AVAILABILITY = YES_AGGRESSIVE;
				CLANG_WARN_UNREACHABLE_CODE = YES;
				CLANG_WARN__DUPLICATE_METHOD_MATCH = YES;
				COPY_PHASE_STRIP = NO;
				DEBUG_INFORMATION_FORMAT = "dwarf-with-dsym";
				DEVELOPMENT_TEAM = M8F9QH57A6;
				ENABLE_NS_ASSERTIONS = NO;
				ENABLE_STRICT_OBJC_MSGSEND = YES;
				GCC_C_LANGUAGE_STANDARD = gnu11;
				GCC_NO_COMMON_BLOCKS = YES;
				GCC_WARN_64_TO_32_BIT_CONVERSION = YES;
				GCC_WARN_ABOUT_RETURN_TYPE = YES_ERROR;
				GCC_WARN_UNDECLARED_SELECTOR = YES;
				GCC_WARN_UNINITIALIZED_AUTOS = YES_AGGRESSIVE;
				GCC_WARN_UNUSED_FUNCTION = YES;
				GCC_WARN_UNUSED_VARIABLE = YES;
				MTL_ENABLE_DEBUG_INFO = NO;
				MTL_FAST_MATH = YES;
				PRODUCT_NAME = "$(TARGET_NAME)";
				SDKROOT = iphoneos;
				SWIFT_COMPILATION_MODE = wholemodule;
				SWIFT_OPTIMIZATION_LEVEL = "-O";
				SWIFT_VERSION = 5.0;
			};
			name = "Release-Staging";
		};
		7B42835A3F2AD5F81580BE80 /* Release-Live */ = {
			isa = XCBuildConfiguration;
			baseConfigurationReference = EE05D01195CE6D8BB96CD204 /* Live.xcconfig */;
			buildSettings = {
				ASSETCATALOG_COMPILER_APPICON_NAME = AppIcon;
				CODE_SIGN_IDENTITY = "iPhone Developer";
				CURRENT_PROJECT_VERSION = 1;
				DEVELOPMENT_TEAM = 7EC32T954D;
				INFOPLIST_FILE = Nabla/SupportingFiles/Info.plist;
				IPHONEOS_DEPLOYMENT_TARGET = 16.0;
				LD_RUNPATH_SEARCH_PATHS = (
					"$(inherited)",
					"@executable_path/Frameworks",
				);
				MARKETING_VERSION = 1.0.0;
				PRODUCT_NAME = Nabla;
				SDKROOT = iphoneos;
				TARGETED_DEVICE_FAMILY = 1;
			};
			name = "Release-Live";
		};
		9035CF7BFB835937FC1028D5 /* Release-Live */ = {
			isa = XCBuildConfiguration;
			buildSettings = {
				ALWAYS_SEARCH_USER_PATHS = NO;
				CLANG_ANALYZER_LOCALIZABILITY_NONLOCALIZED = YES;
				CLANG_ANALYZER_NONNULL = YES;
				CLANG_ANALYZER_NUMBER_OBJECT_CONVERSION = YES_AGGRESSIVE;
				CLANG_CXX_LANGUAGE_STANDARD = "gnu++14";
				CLANG_CXX_LIBRARY = "libc++";
				CLANG_ENABLE_MODULES = YES;
				CLANG_ENABLE_OBJC_ARC = YES;
				CLANG_ENABLE_OBJC_WEAK = YES;
				CLANG_WARN_BLOCK_CAPTURE_AUTORELEASING = YES;
				CLANG_WARN_BOOL_CONVERSION = YES;
				CLANG_WARN_COMMA = YES;
				CLANG_WARN_CONSTANT_CONVERSION = YES;
				CLANG_WARN_DEPRECATED_OBJC_IMPLEMENTATIONS = YES;
				CLANG_WARN_DIRECT_OBJC_ISA_USAGE = YES_ERROR;
				CLANG_WARN_DOCUMENTATION_COMMENTS = YES;
				CLANG_WARN_EMPTY_BODY = YES;
				CLANG_WARN_ENUM_CONVERSION = YES;
				CLANG_WARN_INFINITE_RECURSION = YES;
				CLANG_WARN_INT_CONVERSION = YES;
				CLANG_WARN_NON_LITERAL_NULL_CONVERSION = YES;
				CLANG_WARN_OBJC_IMPLICIT_RETAIN_SELF = YES;
				CLANG_WARN_OBJC_LITERAL_CONVERSION = YES;
				CLANG_WARN_OBJC_ROOT_CLASS = YES_ERROR;
				CLANG_WARN_QUOTED_INCLUDE_IN_FRAMEWORK_HEADER = YES;
				CLANG_WARN_RANGE_LOOP_ANALYSIS = YES;
				CLANG_WARN_STRICT_PROTOTYPES = YES;
				CLANG_WARN_SUSPICIOUS_MOVE = YES;
				CLANG_WARN_UNGUARDED_AVAILABILITY = YES_AGGRESSIVE;
				CLANG_WARN_UNREACHABLE_CODE = YES;
				CLANG_WARN__DUPLICATE_METHOD_MATCH = YES;
				COPY_PHASE_STRIP = NO;
				DEBUG_INFORMATION_FORMAT = "dwarf-with-dsym";
				DEVELOPMENT_TEAM = M8F9QH57A6;
				ENABLE_NS_ASSERTIONS = NO;
				ENABLE_STRICT_OBJC_MSGSEND = YES;
				GCC_C_LANGUAGE_STANDARD = gnu11;
				GCC_NO_COMMON_BLOCKS = YES;
				GCC_WARN_64_TO_32_BIT_CONVERSION = YES;
				GCC_WARN_ABOUT_RETURN_TYPE = YES_ERROR;
				GCC_WARN_UNDECLARED_SELECTOR = YES;
				GCC_WARN_UNINITIALIZED_AUTOS = YES_AGGRESSIVE;
				GCC_WARN_UNUSED_FUNCTION = YES;
				GCC_WARN_UNUSED_VARIABLE = YES;
				MTL_ENABLE_DEBUG_INFO = NO;
				MTL_FAST_MATH = YES;
				PRODUCT_NAME = "$(TARGET_NAME)";
				SDKROOT = iphoneos;
				SWIFT_COMPILATION_MODE = wholemodule;
				SWIFT_OPTIMIZATION_LEVEL = "-O";
				SWIFT_VERSION = 5.0;
			};
			name = "Release-Live";
		};
		A9EDEAF61E2568300BB23BD2 /* Debug-Dev */ = {
			isa = XCBuildConfiguration;
			baseConfigurationReference = 547287B99718AD2229B8F982 /* Dev.xcconfig */;
			buildSettings = {
				ASSETCATALOG_COMPILER_APPICON_NAME = AppIcon;
				CODE_SIGN_IDENTITY = "iPhone Developer";
				CURRENT_PROJECT_VERSION = 1;
				DEVELOPMENT_TEAM = 7EC32T954D;
				INFOPLIST_FILE = Nabla/SupportingFiles/Info.plist;
				IPHONEOS_DEPLOYMENT_TARGET = 16.0;
				LD_RUNPATH_SEARCH_PATHS = (
					"$(inherited)",
					"@executable_path/Frameworks",
				);
				MARKETING_VERSION = 1.0.0;
				PRODUCT_NAME = Nabla;
				SDKROOT = iphoneos;
				TARGETED_DEVICE_FAMILY = 1;
			};
			name = "Debug-Dev";
		};
		D508CE07FA6BA36C34DE7798 /* Release-Dev */ = {
			isa = XCBuildConfiguration;
			baseConfigurationReference = 547287B99718AD2229B8F982 /* Dev.xcconfig */;
			buildSettings = {
				ASSETCATALOG_COMPILER_APPICON_NAME = AppIcon;
				CODE_SIGN_IDENTITY = "iPhone Developer";
				CURRENT_PROJECT_VERSION = 1;
				DEVELOPMENT_TEAM = 7EC32T954D;
				INFOPLIST_FILE = Nabla/SupportingFiles/Info.plist;
				IPHONEOS_DEPLOYMENT_TARGET = 16.0;
				LD_RUNPATH_SEARCH_PATHS = (
					"$(inherited)",
					"@executable_path/Frameworks",
				);
				MARKETING_VERSION = 1.0.0;
				PRODUCT_NAME = Nabla;
				SDKROOT = iphoneos;
				TARGETED_DEVICE_FAMILY = 1;
			};
			name = "Release-Dev";
		};
		D737B817577DADE14616E175 /* Release-Dev */ = {
			isa = XCBuildConfiguration;
			buildSettings = {
				ALWAYS_SEARCH_USER_PATHS = NO;
				CLANG_ANALYZER_LOCALIZABILITY_NONLOCALIZED = YES;
				CLANG_ANALYZER_NONNULL = YES;
				CLANG_ANALYZER_NUMBER_OBJECT_CONVERSION = YES_AGGRESSIVE;
				CLANG_CXX_LANGUAGE_STANDARD = "gnu++14";
				CLANG_CXX_LIBRARY = "libc++";
				CLANG_ENABLE_MODULES = YES;
				CLANG_ENABLE_OBJC_ARC = YES;
				CLANG_ENABLE_OBJC_WEAK = YES;
				CLANG_WARN_BLOCK_CAPTURE_AUTORELEASING = YES;
				CLANG_WARN_BOOL_CONVERSION = YES;
				CLANG_WARN_COMMA = YES;
				CLANG_WARN_CONSTANT_CONVERSION = YES;
				CLANG_WARN_DEPRECATED_OBJC_IMPLEMENTATIONS = YES;
				CLANG_WARN_DIRECT_OBJC_ISA_USAGE = YES_ERROR;
				CLANG_WARN_DOCUMENTATION_COMMENTS = YES;
				CLANG_WARN_EMPTY_BODY = YES;
				CLANG_WARN_ENUM_CONVERSION = YES;
				CLANG_WARN_INFINITE_RECURSION = YES;
				CLANG_WARN_INT_CONVERSION = YES;
				CLANG_WARN_NON_LITERAL_NULL_CONVERSION = YES;
				CLANG_WARN_OBJC_IMPLICIT_RETAIN_SELF = YES;
				CLANG_WARN_OBJC_LITERAL_CONVERSION = YES;
				CLANG_WARN_OBJC_ROOT_CLASS = YES_ERROR;
				CLANG_WARN_QUOTED_INCLUDE_IN_FRAMEWORK_HEADER = YES;
				CLANG_WARN_RANGE_LOOP_ANALYSIS = YES;
				CLANG_WARN_STRICT_PROTOTYPES = YES;
				CLANG_WARN_SUSPICIOUS_MOVE = YES;
				CLANG_WARN_UNGUARDED_AVAILABILITY = YES_AGGRESSIVE;
				CLANG_WARN_UNREACHABLE_CODE = YES;
				CLANG_WARN__DUPLICATE_METHOD_MATCH = YES;
				COPY_PHASE_STRIP = NO;
				DEBUG_INFORMATION_FORMAT = "dwarf-with-dsym";
				DEVELOPMENT_TEAM = M8F9QH57A6;
				ENABLE_NS_ASSERTIONS = NO;
				ENABLE_STRICT_OBJC_MSGSEND = YES;
				GCC_C_LANGUAGE_STANDARD = gnu11;
				GCC_NO_COMMON_BLOCKS = YES;
				GCC_WARN_64_TO_32_BIT_CONVERSION = YES;
				GCC_WARN_ABOUT_RETURN_TYPE = YES_ERROR;
				GCC_WARN_UNDECLARED_SELECTOR = YES;
				GCC_WARN_UNINITIALIZED_AUTOS = YES_AGGRESSIVE;
				GCC_WARN_UNUSED_FUNCTION = YES;
				GCC_WARN_UNUSED_VARIABLE = YES;
				MTL_ENABLE_DEBUG_INFO = NO;
				MTL_FAST_MATH = YES;
				PRODUCT_NAME = "$(TARGET_NAME)";
				SDKROOT = iphoneos;
				SWIFT_COMPILATION_MODE = wholemodule;
				SWIFT_OPTIMIZATION_LEVEL = "-O";
				SWIFT_VERSION = 5.0;
			};
			name = "Release-Dev";
		};
		DDE961F476E391407C537646 /* Release-Staging */ = {
			isa = XCBuildConfiguration;
			baseConfigurationReference = 14A2E34185D2C98863CC9531 /* Staging.xcconfig */;
			buildSettings = {
				ASSETCATALOG_COMPILER_APPICON_NAME = AppIcon;
				CODE_SIGN_IDENTITY = "iPhone Developer";
				CURRENT_PROJECT_VERSION = 1;
				DEVELOPMENT_TEAM = 7EC32T954D;
				INFOPLIST_FILE = Nabla/SupportingFiles/Info.plist;
				IPHONEOS_DEPLOYMENT_TARGET = 16.0;
				LD_RUNPATH_SEARCH_PATHS = (
					"$(inherited)",
					"@executable_path/Frameworks",
				);
				MARKETING_VERSION = 1.0.0;
				PRODUCT_NAME = Nabla;
				SDKROOT = iphoneos;
				TARGETED_DEVICE_FAMILY = 1;
			};
			name = "Release-Staging";
		};
		FBE360DDFDF57A667317E96C /* Debug-Live */ = {
			isa = XCBuildConfiguration;
			baseConfigurationReference = EE05D01195CE6D8BB96CD204 /* Live.xcconfig */;
			buildSettings = {
				ASSETCATALOG_COMPILER_APPICON_NAME = AppIcon;
				CODE_SIGN_IDENTITY = "iPhone Developer";
				CURRENT_PROJECT_VERSION = 1;
				DEVELOPMENT_TEAM = 7EC32T954D;
				INFOPLIST_FILE = Nabla/SupportingFiles/Info.plist;
				IPHONEOS_DEPLOYMENT_TARGET = 16.0;
				LD_RUNPATH_SEARCH_PATHS = (
					"$(inherited)",
					"@executable_path/Frameworks",
				);
				MARKETING_VERSION = 1.0.0;
				PRODUCT_NAME = Nabla;
				SDKROOT = iphoneos;
				TARGETED_DEVICE_FAMILY = 1;
			};
			name = "Debug-Live";
		};
/* End XCBuildConfiguration section */

/* Begin XCConfigurationList section */
		A6CD14E1DF82AF1535AF6297 /* Build configuration list for PBXNativeTarget "Nabla" */ = {
			isa = XCConfigurationList;
			buildConfigurations = (
				A9EDEAF61E2568300BB23BD2 /* Debug-Dev */,
				FBE360DDFDF57A667317E96C /* Debug-Live */,
				1EAE3BD8E0C5B24AD71A692F /* Debug-Staging */,
				D508CE07FA6BA36C34DE7798 /* Release-Dev */,
				7B42835A3F2AD5F81580BE80 /* Release-Live */,
				DDE961F476E391407C537646 /* Release-Staging */,
			);
			defaultConfigurationIsVisible = 0;
			defaultConfigurationName = "Debug-Dev";
		};
		E33DE469D4C3180E02944F3C /* Build configuration list for PBXProject "Nabla" */ = {
			isa = XCConfigurationList;
			buildConfigurations = (
				49F2A9C4CA8A1AD64B876BE4 /* Debug-Dev */,
				491375F8E1AFF61FD9C7593E /* Debug-Live */,
				1E2927BEF65714587B23A8D9 /* Debug-Staging */,
				D737B817577DADE14616E175 /* Release-Dev */,
				9035CF7BFB835937FC1028D5 /* Release-Live */,
				70C033B2CA7C8B0A591070C0 /* Release-Staging */,
			);
			defaultConfigurationIsVisible = 0;
			defaultConfigurationName = "Debug-Dev";
		};
/* End XCConfigurationList section */

/* Begin XCRemoteSwiftPackageReference section */
		60EC84AB2AB9C39F008603A5 /* XCRemoteSwiftPackageReference "bluejay" */ = {
			isa = XCRemoteSwiftPackageReference;
			repositoryURL = "https://github.com/steamclock/bluejay.git";
			requirement = {
				branch = master;
				kind = branch;
			};
		};
		60EC84AE2AB9C414008603A5 /* XCRemoteSwiftPackageReference "mapbox-navigation-ios" */ = {
			isa = XCRemoteSwiftPackageReference;
			repositoryURL = "https://github.com/mapbox/mapbox-navigation-ios.git";
			requirement = {
				kind = upToNextMajorVersion;
				minimumVersion = 2.16.0;
			};
		};
		60EC84B32AB9C4E1008603A5 /* XCRemoteSwiftPackageReference "mapbox-search-ios" */ = {
			isa = XCRemoteSwiftPackageReference;
			repositoryURL = "https://github.com/mapbox/mapbox-search-ios.git";
			requirement = {
				branch = main;
				kind = branch;
			};
		};
		60EC84B62AB9C517008603A5 /* XCRemoteSwiftPackageReference "MapboxGeocoder.swift" */ = {
			isa = XCRemoteSwiftPackageReference;
			repositoryURL = "https://github.com/mapbox/MapboxGeocoder.swift.git";
			requirement = {
				kind = upToNextMajorVersion;
				minimumVersion = 0.15.0;
			};
		};
		60EC84B92AB9C54E008603A5 /* XCRemoteSwiftPackageReference "toast-swift" */ = {
			isa = XCRemoteSwiftPackageReference;
			repositoryURL = "https://github.com/BastiaanJansen/toast-swift";
			requirement = {
				kind = upToNextMajorVersion;
				minimumVersion = 1.5.0;
			};
		};
		60EC84C52AB9C690008603A5 /* XCRemoteSwiftPackageReference "ALRadioButtons" */ = {
			isa = XCRemoteSwiftPackageReference;
			repositoryURL = "https://github.com/alxrguz/ALRadioButtons";
			requirement = {
				kind = upToNextMajorVersion;
				minimumVersion = 1.0.0;
			};
		};
/* End XCRemoteSwiftPackageReference section */

/* Begin XCSwiftPackageProductDependency section */
		143A034DC0129E03F6B36FC3 /* ForceUpdateFeature */ = {
			isa = XCSwiftPackageProductDependency;
			productName = ForceUpdateFeature;
		};
		184E21F9F9B9787221FB055E /* Networking */ = {
			isa = XCSwiftPackageProductDependency;
			productName = Networking;
		};
		54E0A3348356F4C252779B2A /* CommonUI */ = {
			isa = XCSwiftPackageProductDependency;
			productName = CommonUI;
		};
		5C4687C66DB9272E8036765C /* Assets */ = {
			isa = XCSwiftPackageProductDependency;
			productName = Assets;
		};
		60EC84AC2AB9C39F008603A5 /* Bluejay */ = {
			isa = XCSwiftPackageProductDependency;
			package = 60EC84AB2AB9C39F008603A5 /* XCRemoteSwiftPackageReference "bluejay" */;
			productName = Bluejay;
		};
		60EC84AF2AB9C414008603A5 /* MapboxCoreNavigation */ = {
			isa = XCSwiftPackageProductDependency;
			package = 60EC84AE2AB9C414008603A5 /* XCRemoteSwiftPackageReference "mapbox-navigation-ios" */;
			productName = MapboxCoreNavigation;
		};
		60EC84B12AB9C414008603A5 /* MapboxNavigation */ = {
			isa = XCSwiftPackageProductDependency;
			package = 60EC84AE2AB9C414008603A5 /* XCRemoteSwiftPackageReference "mapbox-navigation-ios" */;
			productName = MapboxNavigation;
		};
		60EC84B42AB9C4E1008603A5 /* MapboxSearch */ = {
			isa = XCSwiftPackageProductDependency;
			package = 60EC84B32AB9C4E1008603A5 /* XCRemoteSwiftPackageReference "mapbox-search-ios" */;
			productName = MapboxSearch;
		};
		60EC84B72AB9C517008603A5 /* MapboxGeocoder */ = {
			isa = XCSwiftPackageProductDependency;
			package = 60EC84B62AB9C517008603A5 /* XCRemoteSwiftPackageReference "MapboxGeocoder.swift" */;
			productName = MapboxGeocoder;
		};
		60EC84BA2AB9C54E008603A5 /* Toast */ = {
			isa = XCSwiftPackageProductDependency;
			package = 60EC84B92AB9C54E008603A5 /* XCRemoteSwiftPackageReference "toast-swift" */;
			productName = Toast;
		};
		60EC84C62AB9C690008603A5 /* ALRadioButtons */ = {
			isa = XCSwiftPackageProductDependency;
			package = 60EC84C52AB9C690008603A5 /* XCRemoteSwiftPackageReference "ALRadioButtons" */;
			productName = ALRadioButtons;
		};
		63A10F26321F2F61CE468494 /* MainFeature */ = {
			isa = XCSwiftPackageProductDependency;
			productName = MainFeature;
		};
		6892BA4AADF70F3CFD497C76 /* Models */ = {
			isa = XCSwiftPackageProductDependency;
			productName = Models;
		};
		A502062DA201121DE637C2B4 /* Utilities */ = {
			isa = XCSwiftPackageProductDependency;
			productName = Utilities;
		};
		D86F24356C6B17D4C1A89EA0 /* AuthFeature */ = {
			isa = XCSwiftPackageProductDependency;
			productName = AuthFeature;
		};
		E055D511327BBEB90CE47A40 /* ExampleFeature */ = {
			isa = XCSwiftPackageProductDependency;
			productName = ExampleFeature;
		};
/* End XCSwiftPackageProductDependency section */
	};
	rootObject = BD1A994BBB38328E6B29C331 /* Project object */;
}
